{
  "name": "soulos-monorepo",
  "version": "0.1.0",
  "lockfileVersion": 3,
  "requires": true,
  "packages": {
    "": {
      "name": "soulos-monorepo",
      "version": "0.1.0",
      "license": "MIT",
      "workspaces": [
        "packages/soulos-sdk/ts"
      ]
    },
    "apps/reference-studio": {
      "version": "0.1.0",
      "extraneous": true,
      "dependencies": {
        "@phosphor-icons/react": "^2.1.10",
        "@soulos/sdk": "file:../../packages/soulos-sdk/ts",
        "@types/pg": "^8.20.0",
        "ajv": "^8.17.1",
        "framer-motion": "^11.18.2",
        "geist": "^1.7.1",
        "next": "16.2.6",
        "pg": "^8.21.0",
        "react": "19.2.4",
        "react-dom": "19.2.4"
      },
      "devDependencies": {
        "@tailwindcss/postcss": "^4",
        "@testing-library/jest-dom": "^6.9.1",
        "@testing-library/react": "^16.3.2",
        "@testing-library/user-event": "^14.6.1",
        "@types/node": "^20",
        "@types/react": "^19",
        "@types/react-dom": "^19",
        "@vitejs/plugin-react": "^6.0.2",
        "eslint": "^9",
        "eslint-config-next": "16.2.6",
        "jsdom": "^29.1.1",
        "tailwindcss": "^4",
        "typescript": "^5",
        "vitest": "^4.1.7"
      }
    },
    "node_modules/@soulos/sdk": {
      "resolved": "packages/soulos-sdk/ts",
      "link": true
    },
    "node_modules/@types/node": {
      "version": "25.9.3",
      "resolved": "https://registry.npmjs.org/@types/node/-/node-25.9.3.tgz",
      "integrity": "sha512-603BddQMv3pUcr4U2dhujk83N2tTDVr/34wII2B6bJy6g+8WD6yUb11jszNs0gdi4PesVWl7ABt8nYMVpnLUcg==",
      "license": "MIT",
      "dependencies": {
        "undici-types": ">=7.24.0 <7.24.7"
      }
    },
    "node_modules/@types/node/node_modules/undici-types": {
      "version": "7.24.6",
      "resolved": "https://registry.npmjs.org/undici-types/-/undici-types-7.24.6.tgz",
      "integrity": "sha512-WRNW+sJgj5OBN4/0JpHFqtqzhpbnV0GuB+OozA9gCL7a993SmU+1JBZCzLNxYsbMfIeDL+lTsphD5jN5N+n0zg==",
      "license": "MIT"
    },
    "node_modules/typescript": {
      "version": "6.0.3",
      "resolved": "https://registry.npmjs.org/typescript/-/typescript-6.0.3.tgz",
      "integrity": "sha512-y2TvuxSZPDyQakkFRPZHKFm+KKVqIisdg9/CZwm9ftvKXLP8NRWj38/ODjNbr43SsoXqNuAisEf1GdCxqWcdBw==",
      "license": "Apache-2.0",
      "bin": {
        "tsc": "bin/tsc",
        "tsserver": "bin/tsserver"
      },
      "engines": {
        "node": ">=14.17"
      }
    },
    "packages/soulos-sdk/ts": {
      "name": "@soulos/sdk",
      "version": "0.1.0",
      "license": "MIT",
      "dependencies": {
        "@types/node": "^25.9.3",
        "typescript": "^6.0.3"
      }
    }
  }
}
