{
  "name": "soulos-monorepo",
  "version": "0.1.0",
  "lockfileVersion": 3,
  "requires": true,
  "packages": {
    "": {
      "name": "soulos-monorepo",
      "version": "0.1.0",
      "workspaces": [
        "packages/soulos-sdk/ts"
      ]
    },
    "apps/reference-studio": {
      "version": "0.1.0",
      "extraneous": true,
      "dependencies": {
        "@phosphor-icons/react": "^2.1.10",
        "@soulos/sdk": "file:../../packages/soulos-sdk/ts",
        "@types/pg": "^8.20.0",
        "ajv": "^8.17.1",
        "framer-motion": "^11.18.2",
        "geist": "^1.7.1",
        "next": "16.2.6",
        "pg": "^8.21.0",
        "react": "19.2.4",
        "react-dom": "19.2.4"
      },
      "devDependencies": {
        "@tailwindcss/postcss": "^4",
        "@testing-library/jest-dom": "^6.9.1",
        "@testing-library/react": "^16.3.2",
        "@testing-library/user-event": "^14.6.1",
        "@types/node": "^20",
        "@types/react": "^19",
        "@types/react-dom": "^19",
        "@vitejs/plugin-react": "^6.0.2",
        "eslint": "^9",
        "eslint-config-next": "16.2.6",
        "jsdom": "^29.1.1",
        "tailwindcss": "^4",
        "typescript": "^5",
        "vitest": "^4.1.7"
      }
    },
    "node_modules/@soulos/sdk": {
      "resolved": "packages/soulos-sdk/ts",
      "link": true
    },
    "packages/soulos-sdk/ts": {
      "name": "@soulos/sdk",
      "version": "0.1.0",
      "license": "MIT"
    }
  }
}
